
Microsoft Visual Studio Solution File, Format Version 12.00
# Visual Studio Version 16
VisualStudioVersion = 16.0.29424.173
MinimumVisualStudioVersion = 10.0.40219.1
Project("{FAE04EC0-301F-11D3-BF4B-00C04F79EFBC}") = "DevNxt_1", "DevNxt_1.csproj", "{55A50D15-364F-4FAA-A4E6-3BBC51AA49FE}"
EndProject
Global
	GlobalSection(SolutionConfigurationPlatforms) = preSolution
		Debug|Any CPU = Debug|Any CPU
		Release|Any CPU = Release|Any CPU
	EndGlobalSection
	GlobalSection(ProjectConfigurationPlatforms) = postSolution
		{55A50D15-364F-4FAA-A4E6-3BBC51AA49FE}.Debug|Any CPU.ActiveCfg = Debug|Any CPU
		{55A50D15-364F-4FAA-A4E6-3BBC51AA49FE}.Debug|Any CPU.Build.0 = Debug|Any CPU
		{55A50D15-364F-4FAA-A4E6-3BBC51AA49FE}.Release|Any CPU.ActiveCfg = Release|Any CPU
		{55A50D15-364F-4FAA-A4E6-3BBC51AA49FE}.Release|Any CPU.Build.0 = Release|Any CPU
	EndGlobalSection
	GlobalSection(SolutionProperties) = preSolution
		HideSolutionNode = FALSE
	EndGlobalSection
	GlobalSection(ExtensibilityGlobals) = postSolution
		SolutionGuid = {CA120114-1AA8-46A0-91A6-AB9F2C3FF4D6}
	EndGlobalSection
EndGlobal
